
Microsoft Visual Studio Solution File, Format Version 12.00
# Visual Studio Version 17
VisualStudioVersion = 17.8.34316.72
MinimumVisualStudioVersion = 10.0.40219.1
Project("{FAE04EC0-301F-11D3-BF4B-00C04F79EFBC}") = "MunicipalityApp", "MunicipalityApp\MunicipalityApp.csproj", "{4BF2A448-80C0-4630-B0E3-B17B0B05DC55}"
EndProject
Global
	GlobalSection(SolutionConfigurationPlatforms) = preSolution
		Debug|Any CPU = Debug|Any CPU
		Release|Any CPU = Release|Any CPU
	EndGlobalSection
	GlobalSection(ProjectConfigurationPlatforms) = postSolution
		{4BF2A448-80C0-4630-B0E3-B17B0B05DC55}.Debug|Any CPU.ActiveCfg = Debug|Any CPU
		{4BF2A448-80C0-4630-B0E3-B17B0B05DC55}.Debug|Any CPU.Build.0 = Debug|Any CPU
		{4BF2A448-80C0-4630-B0E3-B17B0B05DC55}.Release|Any CPU.ActiveCfg = Release|Any CPU
		{4BF2A448-80C0-4630-B0E3-B17B0B05DC55}.Release|Any CPU.Build.0 = Release|Any CPU
	EndGlobalSection
	GlobalSection(SolutionProperties) = preSolution
		HideSolutionNode = FALSE
	EndGlobalSection
	GlobalSection(ExtensibilityGlobals) = postSolution
		SolutionGuid = {53CE9939-5F94-4169-9C9D-05DE693FE44A}
	EndGlobalSection
EndGlobal
